
Microsoft Visual Studio Solution File, Format Version 12.00
# Visual Studio Version 17
VisualStudioVersion = 17.14.36202.13 d17.14
MinimumVisualStudioVersion = 10.0.40219.1
Project("{FAE04EC0-301F-11D3-BF4B-00C04F79EFBC}") = "EMS_Server", "EMS_Server\EMS_Server.csproj", "{D2DDB8F7-472E-44B3-95E5-F6AA34B673B2}"
EndProject
Global
	GlobalSection(SolutionConfigurationPlatforms) = preSolution
		Debug|Any CPU = Debug|Any CPU
		Release|Any CPU = Release|Any CPU
	EndGlobalSection
	GlobalSection(ProjectConfigurationPlatforms) = postSolution
		{D2DDB8F7-472E-44B3-95E5-F6AA34B673B2}.Debug|Any CPU.ActiveCfg = Debug|Any CPU
		{D2DDB8F7-472E-44B3-95E5-F6AA34B673B2}.Debug|Any CPU.Build.0 = Debug|Any CPU
		{D2DDB8F7-472E-44B3-95E5-F6AA34B673B2}.Release|Any CPU.ActiveCfg = Release|Any CPU
		{D2DDB8F7-472E-44B3-95E5-F6AA34B673B2}.Release|Any CPU.Build.0 = Release|Any CPU
	EndGlobalSection
	GlobalSection(SolutionProperties) = preSolution
		HideSolutionNode = FALSE
	EndGlobalSection
	GlobalSection(ExtensibilityGlobals) = postSolution
		SolutionGuid = {E0AB2190-F5E1-4475-AE43-6A5F4B738A77}
	EndGlobalSection
EndGlobal
